// !$*UTF8*$!
{
	archiveVersion = 1;
	classes = {
	};
	objectVersion = 46;
	objects = {

/* Begin PBXBuildFile section */
		A01E808F13D15417002C071C /* UIKit.framework in Frameworks */ = {isa = PBXBuildFile; fileRef = A01E808E13D15417002C071C /* UIKit.framework */; };
		A01E809113D15417002C071C /* Foundation.framework in Frameworks */ = {isa = PBXBuildFile; fileRef = A01E809013D15417002C071C /* Foundation.framework */; };
		A01E809313D15417002C071C /* CoreGraphics.framework in Frameworks */ = {isa = PBXBuildFile; fileRef = A01E809213D15417002C071C /* CoreGraphics.framework */; };
		A01E809913D15417002C071C /* InfoPlist.strings in Resources */ = {isa = PBXBuildFile; fileRef = A01E809713D15417002C071C /* InfoPlist.strings */; };
		A01E809C13D15417002C071C /* main.m in Sources */ = {isa = PBXBuildFile; fileRef = A01E809B13D15417002C071C /* main.m */; };
		A01E809F13D15417002C071C /* ConversionAppAppDelegate.m in Sources */ = {isa = PBXBuildFile; fileRef = A01E809E13D15417002C071C /* ConversionAppAppDelegate.m */; };
		A01E80A213D15418002C071C /* MainWindow.xib in Resources */ = {isa = PBXBuildFile; fileRef = A01E80A013D15418002C071C /* MainWindow.xib */; };
		A01E80A913D15418002C071C /* UIKit.framework in Frameworks */ = {isa = PBXBuildFile; fileRef = A01E808E13D15417002C071C /* UIKit.framework */; };
		A01E80AA13D15418002C071C /* Foundation.framework in Frameworks */ = {isa = PBXBuildFile; fileRef = A01E809013D15417002C071C /* Foundation.framework */; };
		A01E80AB13D15418002C071C /* CoreGraphics.framework in Frameworks */ = {isa = PBXBuildFile; fileRef = A01E809213D15417002C071C /* CoreGraphics.framework */; };
		A01E80B313D15418002C071C /* InfoPlist.strings in Resources */ = {isa = PBXBuildFile; fileRef = A01E80B113D15418002C071C /* InfoPlist.strings */; };
		A01E80B613D15418002C071C /* ConversionAppTests.h in Resources */ = {isa = PBXBuildFile; fileRef = A01E80B513D15418002C071C /* ConversionAppTests.h */; };
		A01E80B813D15418002C071C /* ConversionAppTests.m in Sources */ = {isa = PBXBuildFile; fileRef = A01E80B713D15418002C071C /* ConversionAppTests.m */; };
		A01E80CA13D154C5002C071C /* ConversionViewController.m in Sources */ = {isa = PBXBuildFile; fileRef = A01E80C813D154C5002C071C /* ConversionViewController.m */; };
		A01E80CB13D154C5002C071C /* ConversionViewController.xib in Resources */ = {isa = PBXBuildFile; fileRef = A01E80C913D154C5002C071C /* ConversionViewController.xib */; };
		A01E80D313D1EFB9002C071C /* ConversionTool.m in Sources */ = {isa = PBXBuildFile; fileRef = A01E80D213D1EFB9002C071C /* ConversionTool.m */; };
		A01E80D713D2788B002C071C /* SelectionViewController.m in Sources */ = {isa = PBXBuildFile; fileRef = A01E80D513D2788B002C071C /* SelectionViewController.m */; };
		A01E80D813D2788B002C071C /* SelectionViewController.xib in Resources */ = {isa = PBXBuildFile; fileRef = A01E80D613D2788B002C071C /* SelectionViewController.xib */; };
/* End PBXBuildFile section */

/* Begin PBXContainerItemProxy section */
		A01E80AC13D15418002C071C /* PBXContainerItemProxy */ = {
			isa = PBXContainerItemProxy;
			containerPortal = A01E808113D15417002C071C /* Project object */;
			proxyType = 1;
			remoteGlobalIDString = A01E808913D15417002C071C;
			remoteInfo = ConversionApp;
		};
/* End PBXContainerItemProxy section */

/* Begin PBXFileReference section */
		A01E808A13D15417002C071C /* ConversionApp.app */ = {isa = PBXFileReference; explicitFileType = wrapper.application; includeInIndex = 0; path = ConversionApp.app; sourceTree = BUILT_PRODUCTS_DIR; };
		A01E808E13D15417002C071C /* UIKit.framework */ = {isa = PBXFileReference; lastKnownFileType = wrapper.framework; name = UIKit.framework; path = System/Library/Frameworks/UIKit.framework; sourceTree = SDKROOT; };
		A01E809013D15417002C071C /* Foundation.framework */ = {isa = PBXFileReference; lastKnownFileType = wrapper.framework; name = Foundation.framework; path = System/Library/Frameworks/Foundation.framework; sourceTree = SDKROOT; };
		A01E809213D15417002C071C /* CoreGraphics.framework */ = {isa = PBXFileReference; lastKnownFileType = wrapper.framework; name = CoreGraphics.framework; path = System/Library/Frameworks/CoreGraphics.framework; sourceTree = SDKROOT; };
		A01E809613D15417002C071C /* ConversionApp-Info.plist */ = {isa = PBXFileReference; lastKnownFileType = text.plist.xml; path = "ConversionApp-Info.plist"; sourceTree = "<group>"; };
		A01E809813D15417002C071C /* en */ = {isa = PBXFileReference; lastKnownFileType = text.plist.strings; name = en; path = en.lproj/InfoPlist.strings; sourceTree = "<group>"; };
		A01E809A13D15417002C071C /* ConversionApp-Prefix.pch */ = {isa = PBXFileReference; lastKnownFileType = sourcecode.c.h; path = "ConversionApp-Prefix.pch"; sourceTree = "<group>"; };
		A01E809B13D15417002C071C /* main.m */ = {isa = PBXFileReference; lastKnownFileType = sourcecode.c.objc; path = main.m; sourceTree = "<group>"; };
		A01E809D13D15417002C071C /* ConversionAppAppDelegate.h */ = {isa = PBXFileReference; lastKnownFileType = sourcecode.c.h; path = ConversionAppAppDelegate.h; sourceTree = "<group>"; };
		A01E809E13D15417002C071C /* ConversionAppAppDelegate.m */ = {isa = PBXFileReference; lastKnownFileType = sourcecode.c.objc; path = ConversionAppAppDelegate.m; sourceTree = "<group>"; };
		A01E80A113D15418002C071C /* en */ = {isa = PBXFileReference; lastKnownFileType = file.xib; name = en; path = en.lproj/MainWindow.xib; sourceTree = "<group>"; };
		A01E80A813D15418002C071C /* ConversionAppTests.octest */ = {isa = PBXFileReference; explicitFileType = wrapper.cfbundle; includeInIndex = 0; path = ConversionAppTests.octest; sourceTree = BUILT_PRODUCTS_DIR; };
		A01E80B013D15418002C071C /* ConversionAppTests-Info.plist */ = {isa = PBXFileReference; lastKnownFileType = text.plist.xml; path = "ConversionAppTests-Info.plist"; sourceTree = "<group>"; };
		A01E80B213D15418002C071C /* en */ = {isa = PBXFileReference; lastKnownFileType = text.plist.strings; name = en; path = en.lproj/InfoPlist.strings; sourceTree = "<group>"; };
		A01E80B413D15418002C071C /* ConversionAppTests-Prefix.pch */ = {isa = PBXFileReference; lastKnownFileType = sourcecode.c.h; path = "ConversionAppTests-Prefix.pch"; sourceTree = "<group>"; };
		A01E80B513D15418002C071C /* ConversionAppTests.h */ = {isa = PBXFileReference; lastKnownFileType = sourcecode.c.h; path = ConversionAppTests.h; sourceTree = "<group>"; };
		A01E80B713D15418002C071C /* ConversionAppTests.m */ = {isa = PBXFileReference; lastKnownFileType = sourcecode.c.objc; path = ConversionAppTests.m; sourceTree = "<group>"; };
		A01E80C713D154C5002C071C /* ConversionViewController.h */ = {isa = PBXFileReference; fileEncoding = 4; lastKnownFileType = sourcecode.c.h; path = ConversionViewController.h; sourceTree = "<group>"; };
		A01E80C813D154C5002C071C /* ConversionViewController.m */ = {isa = PBXFileReference; fileEncoding = 4; lastKnownFileType = sourcecode.c.objc; path = ConversionViewController.m; sourceTree = "<group>"; };
		A01E80C913D154C5002C071C /* ConversionViewController.xib */ = {isa = PBXFileReference; fileEncoding = 4; lastKnownFileType = file.xib; path = ConversionViewController.xib; sourceTree = "<group>"; };
		A01E80D113D1EFB9002C071C /* ConversionTool.h */ = {isa = PBXFileReference; fileEncoding = 4; lastKnownFileType = sourcecode.c.h; path = ConversionTool.h; sourceTree = "<group>"; };
		A01E80D213D1EFB9002C071C /* ConversionTool.m */ = {isa = PBXFileReference; fileEncoding = 4; lastKnownFileType = sourcecode.c.objc; path = ConversionTool.m; sourceTree = "<group>"; };
		A01E80D413D2788B002C071C /* SelectionViewController.h */ = {isa = PBXFileReference; fileEncoding = 4; lastKnownFileType = sourcecode.c.h; path = SelectionViewController.h; sourceTree = "<group>"; };
		A01E80D513D2788B002C071C /* SelectionViewController.m */ = {isa = PBXFileReference; fileEncoding = 4; lastKnownFileType = sourcecode.c.objc; path = SelectionViewController.m; sourceTree = "<group>"; };
		A01E80D613D2788B002C071C /* SelectionViewController.xib */ = {isa = PBXFileReference; fileEncoding = 4; lastKnownFileType = file.xib; path = SelectionViewController.xib; sourceTree = "<group>"; };
/* End PBXFileReference section */

/* Begin PBXFrameworksBuildPhase section */
		A01E808713D15417002C071C /* Frameworks */ = {
			isa = PBXFrameworksBuildPhase;
			buildActionMask = 2147483647;
			files = (
				A01E808F13D15417002C071C /* UIKit.framework in Frameworks */,
				A01E809113D15417002C071C /* Foundation.framework in Frameworks */,
				A01E809313D15417002C071C /* CoreGraphics.framework in Frameworks */,
			);
			runOnlyForDeploymentPostprocessing = 0;
		};
		A01E80A413D15418002C071C /* Frameworks */ = {
			isa = PBXFrameworksBuildPhase;
			buildActionMask = 2147483647;
			files = (
				A01E80A913D15418002C071C /* UIKit.framework in Frameworks */,
				A01E80AA13D15418002C071C /* Foundation.framework in Frameworks */,
				A01E80AB13D15418002C071C /* CoreGraphics.framework in Frameworks */,
			);
			runOnlyForDeploymentPostprocessing = 0;
		};
/* End PBXFrameworksBuildPhase section */

/* Begin PBXGroup section */
		A01E807F13D15417002C071C = {
			isa = PBXGroup;
			children = (
				A01E809413D15417002C071C /* ConversionApp */,
				A01E80AE13D15418002C071C /* ConversionAppTests */,
				A01E808D13D15417002C071C /* Frameworks */,
				A01E808B13D15417002C071C /* Products */,
			);
			sourceTree = "<group>";
		};
		A01E808B13D15417002C071C /* Products */ = {
			isa = PBXGroup;
			children = (
				A01E808A13D15417002C071C /* ConversionApp.app */,
				A01E80A813D15418002C071C /* ConversionAppTests.octest */,
			);
			name = Products;
			sourceTree = "<group>";
		};
		A01E808D13D15417002C071C /* Frameworks */ = {
			isa = PBXGroup;
			children = (
				A01E808E13D15417002C071C /* UIKit.framework */,
				A01E809013D15417002C071C /* Foundation.framework */,
				A01E809213D15417002C071C /* CoreGraphics.framework */,
			);
			name = Frameworks;
			sourceTree = "<group>";
		};
		A01E809413D15417002C071C /* ConversionApp */ = {
			isa = PBXGroup;
			children = (
				A01E809D13D15417002C071C /* ConversionAppAppDelegate.h */,
				A01E809E13D15417002C071C /* ConversionAppAppDelegate.m */,
				A01E80A013D15418002C071C /* MainWindow.xib */,
				A01E80D413D2788B002C071C /* SelectionViewController.h */,
				A01E80D513D2788B002C071C /* SelectionViewController.m */,
				A01E80D613D2788B002C071C /* SelectionViewController.xib */,
				A01E80C713D154C5002C071C /* ConversionViewController.h */,
				A01E80C813D154C5002C071C /* ConversionViewController.m */,
				A01E80C913D154C5002C071C /* ConversionViewController.xib */,
				A01E80D113D1EFB9002C071C /* ConversionTool.h */,
				A01E80D213D1EFB9002C071C /* ConversionTool.m */,
				A01E809513D15417002C071C /* Supporting Files */,
			);
			path = ConversionApp;
			sourceTree = "<group>";
		};
		A01E809513D15417002C071C /* Supporting Files */ = {
			isa = PBXGroup;
			children = (
				A01E809613D15417002C071C /* ConversionApp-Info.plist */,
				A01E809713D15417002C071C /* InfoPlist.strings */,
				A01E809A13D15417002C071C /* ConversionApp-Prefix.pch */,
				A01E809B13D15417002C071C /* main.m */,
			);
			name = "Supporting Files";
			sourceTree = "<group>";
		};
		A01E80AE13D15418002C071C /* ConversionAppTests */ = {
			isa = PBXGroup;
			children = (
				A01E80B513D15418002C071C /* ConversionAppTests.h */,
				A01E80B713D15418002C071C /* ConversionAppTests.m */,
				A01E80AF13D15418002C071C /* Supporting Files */,
			);
			path = ConversionAppTests;
			sourceTree = "<group>";
		};
		A01E80AF13D15418002C071C /* Supporting Files */ = {
			isa = PBXGroup;
			children = (
				A01E80B013D15418002C071C /* ConversionAppTests-Info.plist */,
				A01E80B113D15418002C071C /* InfoPlist.strings */,
				A01E80B413D15418002C071C /* ConversionAppTests-Prefix.pch */,
			);
			name = "Supporting Files";
			sourceTree = "<group>";
		};
/* End PBXGroup section */

/* Begin PBXNativeTarget section */
		A01E808913D15417002C071C /* ConversionApp */ = {
			isa = PBXNativeTarget;
			buildConfigurationList = A01E80BB13D15418002C071C /* Build configuration list for PBXNativeTarget "ConversionApp" */;
			buildPhases = (
				A01E808613D15417002C071C /* Sources */,
				A01E808713D15417002C071C /* Frameworks */,
				A01E808813D15417002C071C /* Resources */,
			);
			buildRules = (
			);
			dependencies = (
			);
			name = ConversionApp;
			productName = ConversionApp;
			productReference = A01E808A13D15417002C071C /* ConversionApp.app */;
			productType = "com.apple.product-type.application";
		};
		A01E80A713D15418002C071C /* ConversionAppTests */ = {
			isa = PBXNativeTarget;
			buildConfigurationList = A01E80BE13D15418002C071C /* Build configuration list for PBXNativeTarget "ConversionAppTests" */;
			buildPhases = (
				A01E80A313D15418002C071C /* Sources */,
				A01E80A413D15418002C071C /* Frameworks */,
				A01E80A513D15418002C071C /* Resources */,
				A01E80A613D15418002C071C /* ShellScript */,
			);
			buildRules = (
			);
			dependencies = (
				A01E80AD13D15418002C071C /* PBXTargetDependency */,
			);
			name = ConversionAppTests;
			productName = ConversionAppTests;
			productReference = A01E80A813D15418002C071C /* ConversionAppTests.octest */;
			productType = "com.apple.product-type.bundle";
		};
/* End PBXNativeTarget section */

/* Begin PBXProject section */
		A01E808113D15417002C071C /* Project object */ = {
			isa = PBXProject;
			attributes = {
				ORGANIZATIONNAME = Sergiobuj;
			};
			buildConfigurationList = A01E808413D15417002C071C /* Build configuration list for PBXProject "ConversionApp" */;
			compatibilityVersion = "Xcode 3.2";
			developmentRegion = English;
			hasScannedForEncodings = 0;
			knownRegions = (
				en,
			);
			mainGroup = A01E807F13D15417002C071C;
			productRefGroup = A01E808B13D15417002C071C /* Products */;
			projectDirPath = "";
			projectRoot = "";
			targets = (
				A01E808913D15417002C071C /* ConversionApp */,
				A01E80A713D15418002C071C /* ConversionAppTests */,
			);
		};
/* End PBXProject section */

/* Begin PBXResourcesBuildPhase section */
		A01E808813D15417002C071C /* Resources */ = {
			isa = PBXResourcesBuildPhase;
			buildActionMask = 2147483647;
			files = (
				A01E809913D15417002C071C /* InfoPlist.strings in Resources */,
				A01E80A213D15418002C071C /* MainWindow.xib in Resources */,
				A01E80CB13D154C5002C071C /* ConversionViewController.xib in Resources */,
				A01E80D813D2788B002C071C /* SelectionViewController.xib in Resources */,
			);
			runOnlyForDeploymentPostprocessing = 0;
		};
		A01E80A513D15418002C071C /* Resources */ = {
			isa = PBXResourcesBuildPhase;
			buildActionMask = 2147483647;
			files = (
				A01E80B313D15418002C071C /* InfoPlist.strings in Resources */,
				A01E80B613D15418002C071C /* ConversionAppTests.h in Resources */,
			);
			runOnlyForDeploymentPostprocessing = 0;
		};
/* End PBXResourcesBuildPhase section */

/* Begin PBXShellScriptBuildPhase section */
		A01E80A613D15418002C071C /* ShellScript */ = {
			isa = PBXShellScriptBuildPhase;
			buildActionMask = 2147483647;
			files = (
			);
			inputPaths = (
			);
			outputPaths = (
			);
			runOnlyForDeploymentPostprocessing = 0;
			shellPath = /bin/sh;
			shellScript = "# Run the unit tests in this test bundle.\n\"${SYSTEM_DEVELOPER_DIR}/Tools/RunUnitTests\"\n";
		};
/* End PBXShellScriptBuildPhase section */

/* Begin PBXSourcesBuildPhase section */
		A01E808613D15417002C071C /* Sources */ = {
			isa = PBXSourcesBuildPhase;
			buildActionMask = 2147483647;
			files = (
				A01E809C13D15417002C071C /* main.m in Sources */,
				A01E809F13D15417002C071C /* ConversionAppAppDelegate.m in Sources */,
				A01E80CA13D154C5002C071C /* ConversionViewController.m in Sources */,
				A01E80D313D1EFB9002C071C /* ConversionTool.m in Sources */,
				A01E80D713D2788B002C071C /* SelectionViewController.m in Sources */,
			);
			runOnlyForDeploymentPostprocessing = 0;
		};
		A01E80A313D15418002C071C /* Sources */ = {
			isa = PBXSourcesBuildPhase;
			buildActionMask = 2147483647;
			files = (
				A01E80B813D15418002C071C /* ConversionAppTests.m in Sources */,
			);
			runOnlyForDeploymentPostprocessing = 0;
		};
/* End PBXSourcesBuildPhase section */

/* Begin PBXTargetDependency section */
		A01E80AD13D15418002C071C /* PBXTargetDependency */ = {
			isa = PBXTargetDependency;
			target = A01E808913D15417002C071C /* ConversionApp */;
			targetProxy = A01E80AC13D15418002C071C /* PBXContainerItemProxy */;
		};
/* End PBXTargetDependency section */

/* Begin PBXVariantGroup section */
		A01E809713D15417002C071C /* InfoPlist.strings */ = {
			isa = PBXVariantGroup;
			children = (
				A01E809813D15417002C071C /* en */,
			);
			name = InfoPlist.strings;
			sourceTree = "<group>";
		};
		A01E80A013D15418002C071C /* MainWindow.xib */ = {
			isa = PBXVariantGroup;
			children = (
				A01E80A113D15418002C071C /* en */,
			);
			name = MainWindow.xib;
			sourceTree = "<group>";
		};
		A01E80B113D15418002C071C /* InfoPlist.strings */ = {
			isa = PBXVariantGroup;
			children = (
				A01E80B213D15418002C071C /* en */,
			);
			name = InfoPlist.strings;
			sourceTree = "<group>";
		};
/* End PBXVariantGroup section */

/* Begin XCBuildConfiguration section */
		A01E80B913D15418002C071C /* Debug */ = {
			isa = XCBuildConfiguration;
			buildSettings = {
				ARCHS = "$(ARCHS_STANDARD_32_BIT)";
				"CODE_SIGN_IDENTITY[sdk=iphoneos*]" = "iPhone Developer";
				GCC_C_LANGUAGE_STANDARD = gnu99;
				GCC_OPTIMIZATION_LEVEL = 0;
				GCC_PREPROCESSOR_DEFINITIONS = DEBUG;
				GCC_SYMBOLS_PRIVATE_EXTERN = NO;
				GCC_VERSION = com.apple.compilers.llvmgcc42;
				GCC_WARN_ABOUT_RETURN_TYPE = YES;
				GCC_WARN_UNUSED_VARIABLE = YES;
				IPHONEOS_DEPLOYMENT_TARGET = 4.3;
				SDKROOT = iphoneos;
			};
			name = Debug;
		};
		A01E80BA13D15418002C071C /* Release */ = {
			isa = XCBuildConfiguration;
			buildSettings = {
				ARCHS = "$(ARCHS_STANDARD_32_BIT)";
				"CODE_SIGN_IDENTITY[sdk=iphoneos*]" = "iPhone Developer";
				GCC_C_LANGUAGE_STANDARD = gnu99;
				GCC_VERSION = com.apple.compilers.llvmgcc42;
				GCC_WARN_ABOUT_RETURN_TYPE = YES;
				GCC_WARN_UNUSED_VARIABLE = YES;
				IPHONEOS_DEPLOYMENT_TARGET = 4.3;
				OTHER_CFLAGS = "-DNS_BLOCK_ASSERTIONS=1";
				SDKROOT = iphoneos;
			};
			name = Release;
		};
		A01E80BC13D15418002C071C /* Debug */ = {
			isa = XCBuildConfiguration;
			buildSettings = {
				ALWAYS_SEARCH_USER_PATHS = NO;
				COPY_PHASE_STRIP = NO;
				GCC_DYNAMIC_NO_PIC = NO;
				GCC_PRECOMPILE_PREFIX_HEADER = YES;
				GCC_PREFIX_HEADER = "ConversionApp/ConversionApp-Prefix.pch";
				INFOPLIST_FILE = "ConversionApp/ConversionApp-Info.plist";
				PRODUCT_NAME = "$(TARGET_NAME)";
				WRAPPER_EXTENSION = app;
			};
			name = Debug;
		};
		A01E80BD13D15418002C071C /* Release */ = {
			isa = XCBuildConfiguration;
			buildSettings = {
				ALWAYS_SEARCH_USER_PATHS = NO;
				COPY_PHASE_STRIP = YES;
				GCC_PRECOMPILE_PREFIX_HEADER = YES;
				GCC_PREFIX_HEADER = "ConversionApp/ConversionApp-Prefix.pch";
				INFOPLIST_FILE = "ConversionApp/ConversionApp-Info.plist";
				PRODUCT_NAME = "$(TARGET_NAME)";
				VALIDATE_PRODUCT = YES;
				WRAPPER_EXTENSION = app;
			};
			name = Release;
		};
		A01E80BF13D15418002C071C /* Debug */ = {
			isa = XCBuildConfiguration;
			buildSettings = {
				ALWAYS_SEARCH_USER_PATHS = NO;
				BUNDLE_LOADER = "$(BUILT_PRODUCTS_DIR)/ConversionApp.app/ConversionApp";
				FRAMEWORK_SEARCH_PATHS = (
					"$(SDKROOT)/Developer/Library/Frameworks",
					"$(DEVELOPER_LIBRARY_DIR)/Frameworks",
				);
				GCC_PRECOMPILE_PREFIX_HEADER = YES;
				GCC_PREFIX_HEADER = "ConversionAppTests/ConversionAppTests-Prefix.pch";
				INFOPLIST_FILE = "ConversionAppTests/ConversionAppTests-Info.plist";
				OTHER_LDFLAGS = (
					"-framework",
					SenTestingKit,
				);
				PRODUCT_NAME = "$(TARGET_NAME)";
				TEST_HOST = "$(BUNDLE_LOADER)";
				WRAPPER_EXTENSION = octest;
			};
			name = Debug;
		};
		A01E80C013D15418002C071C /* Release */ = {
			isa = XCBuildConfiguration;
			buildSettings = {
				ALWAYS_SEARCH_USER_PATHS = NO;
				BUNDLE_LOADER = "$(BUILT_PRODUCTS_DIR)/ConversionApp.app/ConversionApp";
				FRAMEWORK_SEARCH_PATHS = (
					"$(SDKROOT)/Developer/Library/Frameworks",
					"$(DEVELOPER_LIBRARY_DIR)/Frameworks",
				);
				GCC_PRECOMPILE_PREFIX_HEADER = YES;
				GCC_PREFIX_HEADER = "ConversionAppTests/ConversionAppTests-Prefix.pch";
				INFOPLIST_FILE = "ConversionAppTests/ConversionAppTests-Info.plist";
				OTHER_LDFLAGS = (
					"-framework",
					SenTestingKit,
				);
				PRODUCT_NAME = "$(TARGET_NAME)";
				TEST_HOST = "$(BUNDLE_LOADER)";
				WRAPPER_EXTENSION = octest;
			};
			name = Release;
		};
/* End XCBuildConfiguration section */

/* Begin XCConfigurationList section */
		A01E808413D15417002C071C /* Build configuration list for PBXProject "ConversionApp" */ = {
			isa = XCConfigurationList;
			buildConfigurations = (
				A01E80B913D15418002C071C /* Debug */,
				A01E80BA13D15418002C071C /* Release */,
			);
			defaultConfigurationIsVisible = 0;
			defaultConfigurationName = Release;
		};
		A01E80BB13D15418002C071C /* Build configuration list for PBXNativeTarget "ConversionApp" */ = {
			isa = XCConfigurationList;
			buildConfigurations = (
				A01E80BC13D15418002C071C /* Debug */,
				A01E80BD13D15418002C071C /* Release */,
			);
			defaultConfigurationIsVisible = 0;
			defaultConfigurationName = Release;
		};
		A01E80BE13D15418002C071C /* Build configuration list for PBXNativeTarget "ConversionAppTests" */ = {
			isa = XCConfigurationList;
			buildConfigurations = (
				A01E80BF13D15418002C071C /* Debug */,
				A01E80C013D15418002C071C /* Release */,
			);
			defaultConfigurationIsVisible = 0;
			defaultConfigurationName = Release;
		};
/* End XCConfigurationList section */
	};
	rootObject = A01E808113D15417002C071C /* Project object */;
}
